
Microsoft Visual Studio Solution File, Format Version 12.00
# Visual Studio Version 17
VisualStudioVersion = 17.4.33213.308
MinimumVisualStudioVersion = 10.0.40219.1
Project("{FAE04EC0-301F-11D3-BF4B-00C04F79EFBC}") = "BlazorSAMLSample", "BlazorSAMLSample\BlazorSAMLSample.csproj", "{78884471-E3FE-4D97-BFD5-12BFC85D9C0E}"
EndProject
Global
	GlobalSection(SolutionConfigurationPlatforms) = preSolution
		Debug|Any CPU = Debug|Any CPU
		Release|Any CPU = Release|Any CPU
	EndGlobalSection
	GlobalSection(ProjectConfigurationPlatforms) = postSolution
		{78884471-E3FE-4D97-BFD5-12BFC85D9C0E}.Debug|Any CPU.ActiveCfg = Debug|Any CPU
		{78884471-E3FE-4D97-BFD5-12BFC85D9C0E}.Debug|Any CPU.Build.0 = Debug|Any CPU
		{78884471-E3FE-4D97-BFD5-12BFC85D9C0E}.Release|Any CPU.ActiveCfg = Release|Any CPU
		{78884471-E3FE-4D97-BFD5-12BFC85D9C0E}.Release|Any CPU.Build.0 = Release|Any CPU
	EndGlobalSection
	GlobalSection(SolutionProperties) = preSolution
		HideSolutionNode = FALSE
	EndGlobalSection
	GlobalSection(ExtensibilityGlobals) = postSolution
		SolutionGuid = {B01FFB98-2CDC-44AF-9F08-DDADBBA8D49E}
	EndGlobalSection
EndGlobal
